// !$*UTF8*$!
{
	archiveVersion = 1;
	classes = {
	};
	objectVersion = 46;
	objects = {
		D7BA7D76DAB5DD13389D6332 = {
			buildActionMask = 2147483647;
			files = (
				);
			generatedFileNames = (
				);
			isa = PBXShellScriptBuildPhase;
			name = "Qt Qmake";
			neededFileNames = (
				);
			shellPath = "/bin/sh";
			shellScript = "make\ -C\ /Users/jmcmahon443/Documents/Indoor-3D-Reconstruction/opencv/opencv-qt-integration-1\ -f\ \'ImageViewer.xcodeproj/qt_makeqmake.mak\'";
		};
		5CECE9AF1EF21EBF374B1FFB = {
			isa = PBXFileReference;
			name = "ImageViewer.cpp";
			path = "ImageViewer.cpp";
			refType = 4;
			sourceTree = "SOURCE_ROOT";
			lastKnownFileType = "sourcecode.cpp.cpp";
		};
		28BA7B76B5024C13860C077A = {
			fileRef = "5CECE9AF1EF21EBF374B1FFB";
			isa = PBXBuildFile;
			settings = {
				ATTRIBUTES = (
					);
			};
		};
		118FCBAABA162BA17933C789 = {
			isa = PBXFileReference;
			name = "main.cpp";
			path = "main.cpp";
			refType = 4;
			sourceTree = "SOURCE_ROOT";
			lastKnownFileType = "sourcecode.cpp.cpp";
		};
		2B093CA6F071B023A473CED0 = {
			fileRef = "118FCBAABA162BA17933C789";
			isa = PBXBuildFile;
			settings = {
				ATTRIBUTES = (
					);
			};
		};
		5C9433E2098DD03957FC4A49 = {
			isa = PBXFileReference;
			name = "ImageViewer.h";
			path = "ImageViewer.h";
			refType = 4;
			sourceTree = "SOURCE_ROOT";
		};
		4F0B803C1D46AF651C3DA9A6 = {
			isa = PBXFileReference;
			name = "ImageViewer.pro";
			path = "ImageViewer.pro";
			refType = 4;
			sourceTree = "SOURCE_ROOT";
		};
		883D7615C4D2DE3FA1218F12 = {
			isa = PBXGroup;
			children = (
				"5C9433E2098DD03957FC4A49");
			name = "Headers";
			refType = 4;
			sourceTree = "<Group>";
		};
		FB61758D0F0FDA4BA867C3D5 = {
			isa = PBXGroup;
			children = (
				"5CECE9AF1EF21EBF374B1FFB",
				"118FCBAABA162BA17933C789");
			name = "Sources";
			refType = 4;
			sourceTree = "<Group>";
		};
		7CABE3C80E79AD2B307756D2 = {
			isa = PBXGroup;
			children = (
				"4F0B803C1D46AF651C3DA9A6");
			name = "Sources [qmake]";
			refType = 4;
			sourceTree = "<Group>";
		};
		A0A52A2ADF7A1E2A99738674 = {
			buildActionMask = 2147483647;
			files = (
				);
			generatedFileNames = (
				"28BA7B76B5024C13860C077A",
				"2B093CA6F071B023A473CED0");
			isa = PBXShellScriptBuildPhase;
			name = "Qt Preprocessors";
			neededFileNames = (
				"28BA7B76B5024C13860C077A",
				"2B093CA6F071B023A473CED0");
			shellPath = "/bin/sh";
			shellScript = "make\ -C\ /Users/jmcmahon443/Documents/Indoor-3D-Reconstruction/opencv/opencv-qt-integration-1\ -f\ \'ImageViewer.xcodeproj/qt_preprocess.mak\'";
		};
		C29B8785722055ED95EF7B57 = {
			buildActionMask = 2147483647;
			files = (
				"28BA7B76B5024C13860C077A",
				"2B093CA6F071B023A473CED0");
			isa = PBXSourcesBuildPhase;
			name = "Build Sources";
		};
		1654A247EA80D7713C900E6C = {
			isa = PBXFileReference;
			name = "opencv_core";
			path = "/usr/local/Cellar/opencv/2.4.12/lib/libopencv_core.2.4.12.dylib";
			refType = 0;
			sourceTree = "<absolute>";
		};
		0C0EC620802248F0DFCC9695 = {
			fileRef = "1654A247EA80D7713C900E6C";
			isa = PBXBuildFile;
			settings = {
			};
		};
		49B229950F0EF02407A1339C = {
			isa = PBXFileReference;
			name = "opencv_highgui";
			path = "/usr/local/Cellar/opencv/2.4.12/lib/libopencv_highgui.2.4.12.dylib";
			refType = 0;
			sourceTree = "<absolute>";
		};
		5E0A27F7BC97644BC9A9DDFE = {
			fileRef = "49B229950F0EF02407A1339C";
			isa = PBXBuildFile;
			settings = {
			};
		};
		8B84C7A894D02A42E8D2145C = {
			isa = PBXFileReference;
			name = "opencv_imgproc";
			path = "/usr/local/Cellar/opencv/2.4.12/lib/libopencv_imgproc.2.4.12.dylib";
			refType = 0;
			sourceTree = "<absolute>";
		};
		C36A5692BAA1B2DA2F519D3A = {
			fileRef = "8B84C7A894D02A42E8D2145C";
			isa = PBXBuildFile;
			settings = {
			};
		};
		EBFB0839C8AEE93FADF07A13 = {
			isa = PBXFileReference;
			name = "QtGui.framework";
			path = "/usr/local/Cellar/qt/4.8.7_2/lib/QtGui.framework";
			refType = 0;
			sourceTree = "<absolute>";
			lastKnownFileType = "wrapper.framework";
		};
		C8F72BFE1C608B515B6E8E1C = {
			fileRef = "EBFB0839C8AEE93FADF07A13";
			isa = PBXBuildFile;
			settings = {
			};
		};
		AAF04F6AE2F3AFB7EC6BE743 = {
			isa = PBXFileReference;
			name = "QtCore.framework";
			path = "/usr/local/Cellar/qt/4.8.7_2/lib/QtCore.framework";
			refType = 0;
			sourceTree = "<absolute>";
			lastKnownFileType = "wrapper.framework";
		};
		F0D1675FCAD946C99A4D1729 = {
			fileRef = "AAF04F6AE2F3AFB7EC6BE743";
			isa = PBXBuildFile;
			settings = {
			};
		};
		ED1E82605DD74B483AF3C982 = {
			children = (
				"1654A247EA80D7713C900E6C",
				"49B229950F0EF02407A1339C",
				"8B84C7A894D02A42E8D2145C",
				"EBFB0839C8AEE93FADF07A13",
				"AAF04F6AE2F3AFB7EC6BE743");
			isa = PBXGroup;
			name = "External Frameworks and Libraries";
			path = "";
			refType = 4;
			sourceTree = "<Group>";
		};
		2A1043669E6E5A7426EA502A = {
			buildActionMask = 2147483647;
			files = (
				"0C0EC620802248F0DFCC9695",
				"5E0A27F7BC97644BC9A9DDFE",
				"C36A5692BAA1B2DA2F519D3A",
				"C8F72BFE1C608B515B6E8E1C",
				"F0D1675FCAD946C99A4D1729");
			isa = PBXFrameworksBuildPhase;
			name = "Frameworks & Libraries";
		};
		3787F99312C85FF0073FD7BA = {
			buildActionMask = 2147483647;
			files = (
			);
			isa = PBXResourcesBuildPhase;
			name = "Bundle Resources";
		};
		05596AB53D8D521C69802C27 = {
			children = (
				"FB61758D0F0FDA4BA867C3D5",
				"883D7615C4D2DE3FA1218F12",
				"7CABE3C80E79AD2B307756D2",
				"ED1E82605DD74B483AF3C982");
			isa = PBXGroup;
			name = "ImageViewer";
			path = "";
			refType = 4;
			sourceTree = "<Group>";
		};
		027D665243ADE89D63CA6A26 = {
			isa = PBXFileReference;
			explicitFileType = "wrapper.application";
			path = "ImageViewer.app";
			refType = 3;
			sourceTree = BUILT_PRODUCTS_DIR;
		};
		068F80C7519D0528FB08E821 = {
			children = (
				"027D665243ADE89D63CA6A26");
			isa = PBXGroup;
			name = "Products";
			refType = 4;
		};
		84098244BBA1A5A099A729EE = {
			buildPhases = (
				"D7BA7D76DAB5DD13389D6332",
				"A0A52A2ADF7A1E2A99738674",
				"C29B8785722055ED95EF7B57",
				"2A1043669E6E5A7426EA502A",
				"3787F99312C85FF0073FD7BA");
			buildSettings = {
				CC = "/usr/bin/gcc";
				CPLUSPLUS = "/usr/bin/g++";
				LEXFLAGS = "";
				YACCFLAGS = "-d";
				OTHER_REZFLAGS = "";
				SECTORDER_FLAGS = "";
				WARNING_CFLAGS = "";
				PREBINDING = NO;
				INFOPLIST_FILE = "Info.plist";
				BUILD_ROOT = "/Users/jmcmahon443/Documents/Indoor-3D-Reconstruction/opencv/opencv-qt-integration-1";
				OTHER_LDFLAGS = (
						"-headerpad_max_install_names",
						"-L/usr/local/Cellar/qt/4.8.7_2/lib",
						"-F/usr/local/Cellar/qt/4.8.7_2/lib",
						"-L/usr/local/lib",
						"-lopencv_imgcodecs",
						"-L/usr/local/opt/openssl/lib",
						"-L/usr/local/Cellar/qt/4.8.7_2/lib",
						"-F/usr/local/Cellar/qt/4.8.7_2/lib");
				DYLIB_CURRENT_VERSION = "1.0.0";
				DYLIB_COMPATIBILITY_VERSION = "1.0";
				MACOSX_DEPLOYMENT_TARGET = "10.4";
				PRODUCT_NAME = "ImageViewer";
			};
			conditionalBuildSettings = {
			};
			dependencies = (
				);
			productReference = "027D665243ADE89D63CA6A26";
			shouldUseHeadermap = 1;
			buildConfigurationList = 17B3380A4D6A7D415E7F2E1E;
			isa = PBXNativeTarget;
			productType = "com.apple.product-type.application";
			productSettingsXML = "<?xml version=\"1.0\" encoding=\"UTF-8\"?>
<!DOCTYPE plist SYSTEM \"file://localhost/System/Library/DTDs/PropertyList.dtd\">
<plist version=\"0.9\">
<dict>
	<key>NSPrincipalClass</key>
	<string>NSApplication</string>
	<key>CFBundleIconFile</key>
	<string></string>
	<key>CFBundlePackageType</key>
	<string>APPL</string>
 	<key>CFBundleGetInfoString</key>
	<string>Created by Qt/QMake</string>
	<key>CFBundleSignature</key>
	<string>????</string>
	<key>CFBundleExecutable</key>
	<string>ImageViewer</string>
	<key>CFBundleIdentifier</key>
	<string>com.yourcompany.ImageViewer</string>
	<key>NOTE</key>
	<string>This file was generated by Qt/QMake.</string>
</dict>
</plist>
";
			name = "ImageViewer";
			productName = "ImageViewer";
			startupPath = "<<ProjectDirectory>>";
		};
		4B72B24813252891014BCF61 = {
			isa = XCBuildConfiguration;
			buildSettings = {
				COPY_PHASE_STRIP = "NO";
				GCC_GENERATE_DEBUGGING_SYMBOLS = "YES";
				GCC_OPTIMIZATION_LEVEL = "0";
				PRODUCT_NAME = "ImageViewer";
				HEADER_SEARCH_PATHS = (
					"/usr/local/Cellar/qt/4.8.7_2/lib/QtCore.framework/Versions/4/Headers",
					"/usr/local/Cellar/qt/4.8.7_2/lib/QtCore.framework/Versions/4/Headers",
					"/usr/local/Cellar/qt/4.8.7_2/lib/QtGui.framework/Versions/4/Headers",
					"/usr/local/Cellar/qt/4.8.7_2/lib/QtGui.framework/Versions/4/Headers",
					"/usr/local/Cellar/qt/4.8.7_2/include",
					".",
					"/usr/local/include",
					".",
					"/usr/local/include",
					"/System/Library/Frameworks/CarbonCore.framework/Headers",
					"/usr/local/Cellar/qt/4.8.7_2/mkspecs/macx-xcode");
				LIBRARY_SEARCH_PATHS = (
					"/usr/local/Cellar/qt/4.8.7_2/lib",
					"/usr/local/lib",
					"/usr/local/opt/openssl/lib",
					"/usr/local/Cellar/qt/4.8.7_2/lib");
				FRAMEWORK_SEARCH_PATHS = (
					"/usr/local/Cellar/qt/4.8.7_2/lib",
					"/usr/local/Cellar/qt/4.8.7_2/lib",
					"/usr/local/Cellar/qt/4.8.7_2/lib");
				INFOPLIST_FILE = "Info.plist";
				OTHER_CFLAGS = (
					"-pipe",
					"-O2",
					"-Wall",
					"-W",
					"-DQT_NO_DEBUG",
					"-DQT_GUI_LIB",
					"-DQT_CORE_LIB",
					"-DQT_SHARED");
				OTHER_CPLUSPLUSFLAGS = (
					"-pipe",
					"-O2",
					"-Wall",
					"-W",
					"-DQT_NO_DEBUG",
					"-DQT_GUI_LIB",
					"-DQT_CORE_LIB",
					"-DQT_SHARED");
				OTHER_LDFLAGS = (
						"-headerpad_max_install_names",
						"-L/usr/local/Cellar/qt/4.8.7_2/lib",
						"-F/usr/local/Cellar/qt/4.8.7_2/lib",
						"-L/usr/local/lib",
						"-lopencv_imgcodecs",
						"-L/usr/local/opt/openssl/lib",
						"-L/usr/local/Cellar/qt/4.8.7_2/lib",
						"-F/usr/local/Cellar/qt/4.8.7_2/lib");
				ARCHS = "x86_64";
			};
			name = "Debug";
		};
		BEC09A62E69C3553534FF35E = {
			isa = XCBuildConfiguration;
			buildSettings = {
				COPY_PHASE_STRIP = "NO";
				GCC_GENERATE_DEBUGGING_SYMBOLS = "YES";
				GCC_OPTIMIZATION_LEVEL = "0";
				PRODUCT_NAME = "ImageViewer";
				PRODUCT_NAME = "ImageViewer";
			};
			name = "Debug";
		};
		2C641C3335766025DD51B7BD = {
			buildRules = (
				);
			buildSettings = {
				COPY_PHASE_STRIP = "NO";
				GCC_GENERATE_DEBUGGING_SYMBOLS = "YES";
				GCC_OPTIMIZATION_LEVEL = "0";
				PRODUCT_NAME = "ImageViewer";
			};
			isa = "PBXBuildStyle";
			name = "Debug";
		};
		D70590BEB531B51029F711BB = {
			isa = XCBuildConfiguration;
			buildSettings = {
				COPY_PHASE_STRIP = "YES";
				GCC_GENERATE_DEBUGGING_SYMBOLS = "NO";
				PRODUCT_NAME = "ImageViewer";
				HEADER_SEARCH_PATHS = (
					"/usr/local/Cellar/qt/4.8.7_2/lib/QtCore.framework/Versions/4/Headers",
					"/usr/local/Cellar/qt/4.8.7_2/lib/QtCore.framework/Versions/4/Headers",
					"/usr/local/Cellar/qt/4.8.7_2/lib/QtGui.framework/Versions/4/Headers",
					"/usr/local/Cellar/qt/4.8.7_2/lib/QtGui.framework/Versions/4/Headers",
					"/usr/local/Cellar/qt/4.8.7_2/include",
					".",
					"/usr/local/include",
					".",
					"/usr/local/include",
					"/System/Library/Frameworks/CarbonCore.framework/Headers",
					"/usr/local/Cellar/qt/4.8.7_2/mkspecs/macx-xcode");
				LIBRARY_SEARCH_PATHS = (
					"/usr/local/Cellar/qt/4.8.7_2/lib",
					"/usr/local/lib",
					"/usr/local/opt/openssl/lib",
					"/usr/local/Cellar/qt/4.8.7_2/lib");
				FRAMEWORK_SEARCH_PATHS = (
					"/usr/local/Cellar/qt/4.8.7_2/lib",
					"/usr/local/Cellar/qt/4.8.7_2/lib",
					"/usr/local/Cellar/qt/4.8.7_2/lib");
				INFOPLIST_FILE = "Info.plist";
				OTHER_CFLAGS = (
					"-pipe",
					"-O2",
					"-Wall",
					"-W",
					"-DQT_NO_DEBUG",
					"-DQT_GUI_LIB",
					"-DQT_CORE_LIB",
					"-DQT_SHARED");
				OTHER_CPLUSPLUSFLAGS = (
					"-pipe",
					"-O2",
					"-Wall",
					"-W",
					"-DQT_NO_DEBUG",
					"-DQT_GUI_LIB",
					"-DQT_CORE_LIB",
					"-DQT_SHARED");
				OTHER_LDFLAGS = (
						"-headerpad_max_install_names",
						"-L/usr/local/Cellar/qt/4.8.7_2/lib",
						"-F/usr/local/Cellar/qt/4.8.7_2/lib",
						"-L/usr/local/lib",
						"-lopencv_imgcodecs",
						"-L/usr/local/opt/openssl/lib",
						"-L/usr/local/Cellar/qt/4.8.7_2/lib",
						"-F/usr/local/Cellar/qt/4.8.7_2/lib");
				ARCHS = "x86_64";
			};
			name = "Release";
		};
		8C7174830A1E4DCBA0332EC1 = {
			isa = XCBuildConfiguration;
			buildSettings = {
				COPY_PHASE_STRIP = "YES";
				GCC_GENERATE_DEBUGGING_SYMBOLS = "NO";
				PRODUCT_NAME = "ImageViewer";
				PRODUCT_NAME = "ImageViewer";
			};
			name = "Release";
		};
		26DE8D2AEA4B3714B41E931F = {
			buildRules = (
				);
			buildSettings = {
				COPY_PHASE_STRIP = "YES";
				GCC_GENERATE_DEBUGGING_SYMBOLS = "NO";
				PRODUCT_NAME = "ImageViewer";
			};
			isa = "PBXBuildStyle";
			name = "Release";
		};
		CC82A9286117DFED018F418F = {
			isa = XCConfigurationList;
			buildConfigurations = (
				"4B72B24813252891014BCF61",
				"D70590BEB531B51029F711BB");
			defaultConfigurationIsVisible = 0;
			defaultConfigurationIsName = "Release";
		};
		17B3380A4D6A7D415E7F2E1E = {
			isa = XCConfigurationList;
			buildConfigurations = (
				"BEC09A62E69C3553534FF35E",
				"8C7174830A1E4DCBA0332EC1");
			defaultConfigurationIsVisible = 0;
			defaultConfigurationIsName = "Release";
		};
		91B15E841AA80083484172DE = {
			buildStyles = (
				"2C641C3335766025DD51B7BD",
				"26DE8D2AEA4B3714B41E931F");
			hasScannedForEncodings = 1;
			isa = PBXProject;
			mainGroup = "05596AB53D8D521C69802C27";
			buildConfigurationList = "CC82A9286117DFED018F418F";
			projectDirPath = "";
			targets = (
				"84098244BBA1A5A099A729EE");
		};
	};
	rootObject = "91B15E841AA80083484172DE";
}
